// !$*UTF8*$!
{
	archiveVersion = 1;
	classes = {
	};
	objectVersion = 46;
	objects = {

/* Begin PBXBuildFile section */
		E27BA0641C484AD700B60825 /* JSON.swift in Sources */ = {isa = PBXBuildFile; fileRef = E27BA0631C484AD700B60825 /* JSON.swift */; };
		E2D730901C4705460043642A /* VCMapView.swift in Sources */ = {isa = PBXBuildFile; fileRef = E2D7308F1C4705460043642A /* VCMapView.swift */; };
		E2DACE761C45B00F008794D1 /* AppDelegate.swift in Sources */ = {isa = PBXBuildFile; fileRef = E2DACE751C45B00F008794D1 /* AppDelegate.swift */; };
		E2DACE781C45B00F008794D1 /* ViewController.swift in Sources */ = {isa = PBXBuildFile; fileRef = E2DACE771C45B00F008794D1 /* ViewController.swift */; };
		E2DACE7B1C45B00F008794D1 /* Main.storyboard in Resources */ = {isa = PBXBuildFile; fileRef = E2DACE791C45B00F008794D1 /* Main.storyboard */; };
		E2DACE7D1C45B00F008794D1 /* Assets.xcassets in Resources */ = {isa = PBXBuildFile; fileRef = E2DACE7C1C45B00F008794D1 /* Assets.xcassets */; };
		E2DACE801C45B00F008794D1 /* LaunchScreen.storyboard in Resources */ = {isa = PBXBuildFile; fileRef = E2DACE7E1C45B00F008794D1 /* LaunchScreen.storyboard */; };
		E2DACE8B1C45B00F008794D1 /* HonoluluArtTests.swift in Sources */ = {isa = PBXBuildFile; fileRef = E2DACE8A1C45B00F008794D1 /* HonoluluArtTests.swift */; };
		E2DACE961C45B9AA008794D1 /* PublicArt.json in Resources */ = {isa = PBXBuildFile; fileRef = E2DACE951C45B9AA008794D1 /* PublicArt.json */; };
		E2DACE981C45BB08008794D1 /* Artwork.swift in Sources */ = {isa = PBXBuildFile; fileRef = E2DACE971C45BB08008794D1 /* Artwork.swift */; };
/* End PBXBuildFile section */

/* Begin PBXContainerItemProxy section */
		E2DACE871C45B00F008794D1 /* PBXContainerItemProxy */ = {
			isa = PBXContainerItemProxy;
			containerPortal = E2DACE6A1C45B00F008794D1 /* Project object */;
			proxyType = 1;
			remoteGlobalIDString = E2DACE711C45B00F008794D1;
			remoteInfo = HonoluluArt;
		};
/* End PBXContainerItemProxy section */

/* Begin PBXFileReference section */
		E27BA0631C484AD700B60825 /* JSON.swift */ = {isa = PBXFileReference; fileEncoding = 4; lastKnownFileType = sourcecode.swift; path = JSON.swift; sourceTree = "<group>"; };
		E2D7308F1C4705460043642A /* VCMapView.swift */ = {isa = PBXFileReference; fileEncoding = 4; lastKnownFileType = sourcecode.swift; path = VCMapView.swift; sourceTree = "<group>"; };
		E2DACE721C45B00F008794D1 /* HonoluluArt.app */ = {isa = PBXFileReference; explicitFileType = wrapper.application; includeInIndex = 0; path = HonoluluArt.app; sourceTree = BUILT_PRODUCTS_DIR; };
		E2DACE751C45B00F008794D1 /* AppDelegate.swift */ = {isa = PBXFileReference; lastKnownFileType = sourcecode.swift; path = AppDelegate.swift; sourceTree = "<group>"; };
		E2DACE771C45B00F008794D1 /* ViewController.swift */ = {isa = PBXFileReference; lastKnownFileType = sourcecode.swift; path = ViewController.swift; sourceTree = "<group>"; };
		E2DACE7A1C45B00F008794D1 /* Base */ = {isa = PBXFileReference; lastKnownFileType = file.storyboard; name = Base; path = Base.lproj/Main.storyboard; sourceTree = "<group>"; };
		E2DACE7C1C45B00F008794D1 /* Assets.xcassets */ = {isa = PBXFileReference; lastKnownFileType = folder.assetcatalog; path = Assets.xcassets; sourceTree = "<group>"; };
		E2DACE7F1C45B00F008794D1 /* Base */ = {isa = PBXFileReference; lastKnownFileType = file.storyboard; name = Base; path = Base.lproj/LaunchScreen.storyboard; sourceTree = "<group>"; };
		E2DACE811C45B00F008794D1 /* Info.plist */ = {isa = PBXFileReference; lastKnownFileType = text.plist.xml; path = Info.plist; sourceTree = "<group>"; };
		E2DACE861C45B00F008794D1 /* HonoluluArtTests.xctest */ = {isa = PBXFileReference; explicitFileType = wrapper.cfbundle; includeInIndex = 0; path = HonoluluArtTests.xctest; sourceTree = BUILT_PRODUCTS_DIR; };
		E2DACE8A1C45B00F008794D1 /* HonoluluArtTests.swift */ = {isa = PBXFileReference; lastKnownFileType = sourcecode.swift; path = HonoluluArtTests.swift; sourceTree = "<group>"; };
		E2DACE8C1C45B00F008794D1 /* Info.plist */ = {isa = PBXFileReference; lastKnownFileType = text.plist.xml; path = Info.plist; sourceTree = "<group>"; };
		E2DACE951C45B9AA008794D1 /* PublicArt.json */ = {isa = PBXFileReference; fileEncoding = 4; lastKnownFileType = text.json; path = PublicArt.json; sourceTree = "<group>"; };
		E2DACE971C45BB08008794D1 /* Artwork.swift */ = {isa = PBXFileReference; fileEncoding = 4; lastKnownFileType = sourcecode.swift; path = Artwork.swift; sourceTree = "<group>"; };
/* End PBXFileReference section */

/* Begin PBXFrameworksBuildPhase section */
		E2DACE6F1C45B00F008794D1 /* Frameworks */ = {
			isa = PBXFrameworksBuildPhase;
			buildActionMask = 2147483647;
			files = (
			);
			runOnlyForDeploymentPostprocessing = 0;
		};
		E2DACE831C45B00F008794D1 /* Frameworks */ = {
			isa = PBXFrameworksBuildPhase;
			buildActionMask = 2147483647;
			files = (
			);
			runOnlyForDeploymentPostprocessing = 0;
		};
/* End PBXFrameworksBuildPhase section */

/* Begin PBXGroup section */
		E2DACE691C45B00F008794D1 = {
			isa = PBXGroup;
			children = (
				E2DACE741C45B00F008794D1 /* HonoluluArt */,
				E2DACE891C45B00F008794D1 /* HonoluluArtTests */,
				E2DACE731C45B00F008794D1 /* Products */,
			);
			sourceTree = "<group>";
		};
		E2DACE731C45B00F008794D1 /* Products */ = {
			isa = PBXGroup;
			children = (
				E2DACE721C45B00F008794D1 /* HonoluluArt.app */,
				E2DACE861C45B00F008794D1 /* HonoluluArtTests.xctest */,
			);
			name = Products;
			sourceTree = "<group>";
		};
		E2DACE741C45B00F008794D1 /* HonoluluArt */ = {
			isa = PBXGroup;
			children = (
				E2DACE951C45B9AA008794D1 /* PublicArt.json */,
				E2DACE751C45B00F008794D1 /* AppDelegate.swift */,
				E2DACE771C45B00F008794D1 /* ViewController.swift */,
				E2D7308F1C4705460043642A /* VCMapView.swift */,
				E2DACE971C45BB08008794D1 /* Artwork.swift */,
				E27BA0631C484AD700B60825 /* JSON.swift */,
				E2DACE791C45B00F008794D1 /* Main.storyboard */,
				E2DACE7C1C45B00F008794D1 /* Assets.xcassets */,
				E2DACE7E1C45B00F008794D1 /* LaunchScreen.storyboard */,
				E2DACE811C45B00F008794D1 /* Info.plist */,
			);
			path = HonoluluArt;
			sourceTree = "<group>";
		};
		E2DACE891C45B00F008794D1 /* HonoluluArtTests */ = {
			isa = PBXGroup;
			children = (
				E2DACE8A1C45B00F008794D1 /* HonoluluArtTests.swift */,
				E2DACE8C1C45B00F008794D1 /* Info.plist */,
			);
			path = HonoluluArtTests;
			sourceTree = "<group>";
		};
/* End PBXGroup section */

/* Begin PBXNativeTarget section */
		E2DACE711C45B00F008794D1 /* HonoluluArt */ = {
			isa = PBXNativeTarget;
			buildConfigurationList = E2DACE8F1C45B00F008794D1 /* Build configuration list for PBXNativeTarget "HonoluluArt" */;
			buildPhases = (
				E2DACE6E1C45B00F008794D1 /* Sources */,
				E2DACE6F1C45B00F008794D1 /* Frameworks */,
				E2DACE701C45B00F008794D1 /* Resources */,
			);
			buildRules = (
			);
			dependencies = (
			);
			name = HonoluluArt;
			productName = HonoluluArt;
			productReference = E2DACE721C45B00F008794D1 /* HonoluluArt.app */;
			productType = "com.apple.product-type.application";
		};
		E2DACE851C45B00F008794D1 /* HonoluluArtTests */ = {
			isa = PBXNativeTarget;
			buildConfigurationList = E2DACE921C45B00F008794D1 /* Build configuration list for PBXNativeTarget "HonoluluArtTests" */;
			buildPhases = (
				E2DACE821C45B00F008794D1 /* Sources */,
				E2DACE831C45B00F008794D1 /* Frameworks */,
				E2DACE841C45B00F008794D1 /* Resources */,
			);
			buildRules = (
			);
			dependencies = (
				E2DACE881C45B00F008794D1 /* PBXTargetDependency */,
			);
			name = HonoluluArtTests;
			productName = HonoluluArtTests;
			productReference = E2DACE861C45B00F008794D1 /* HonoluluArtTests.xctest */;
			productType = "com.apple.product-type.bundle.unit-test";
		};
/* End PBXNativeTarget section */

/* Begin PBXProject section */
		E2DACE6A1C45B00F008794D1 /* Project object */ = {
			isa = PBXProject;
			attributes = {
				LastSwiftUpdateCheck = 0720;
				LastUpgradeCheck = 0720;
				ORGANIZATIONNAME = "Wei Mun Yap";
				TargetAttributes = {
					E2DACE711C45B00F008794D1 = {
						CreatedOnToolsVersion = 7.2;
						DevelopmentTeam = 838E2G5M2M;
					};
					E2DACE851C45B00F008794D1 = {
						CreatedOnToolsVersion = 7.2;
						DevelopmentTeam = 838E2G5M2M;
						TestTargetID = E2DACE711C45B00F008794D1;
					};
				};
			};
			buildConfigurationList = E2DACE6D1C45B00F008794D1 /* Build configuration list for PBXProject "HonoluluArt" */;
			compatibilityVersion = "Xcode 3.2";
			developmentRegion = English;
			hasScannedForEncodings = 0;
			knownRegions = (
				en,
				Base,
			);
			mainGroup = E2DACE691C45B00F008794D1;
			productRefGroup = E2DACE731C45B00F008794D1 /* Products */;
			projectDirPath = "";
			projectRoot = "";
			targets = (
				E2DACE711C45B00F008794D1 /* HonoluluArt */,
				E2DACE851C45B00F008794D1 /* HonoluluArtTests */,
			);
		};
/* End PBXProject section */

/* Begin PBXResourcesBuildPhase section */
		E2DACE701C45B00F008794D1 /* Resources */ = {
			isa = PBXResourcesBuildPhase;
			buildActionMask = 2147483647;
			files = (
				E2DACE961C45B9AA008794D1 /* PublicArt.json in Resources */,
				E2DACE801C45B00F008794D1 /* LaunchScreen.storyboard in Resources */,
				E2DACE7D1C45B00F008794D1 /* Assets.xcassets in Resources */,
				E2DACE7B1C45B00F008794D1 /* Main.storyboard in Resources */,
			);
			runOnlyForDeploymentPostprocessing = 0;
		};
		E2DACE841C45B00F008794D1 /* Resources */ = {
			isa = PBXResourcesBuildPhase;
			buildActionMask = 2147483647;
			files = (
			);
			runOnlyForDeploymentPostprocessing = 0;
		};
/* End PBXResourcesBuildPhase section */

/* Begin PBXSourcesBuildPhase section */
		E2DACE6E1C45B00F008794D1 /* Sources */ = {
			isa = PBXSourcesBuildPhase;
			buildActionMask = 2147483647;
			files = (
				E2D730901C4705460043642A /* VCMapView.swift in Sources */,
				E27BA0641C484AD700B60825 /* JSON.swift in Sources */,
				E2DACE781C45B00F008794D1 /* ViewController.swift in Sources */,
				E2DACE981C45BB08008794D1 /* Artwork.swift in Sources */,
				E2DACE761C45B00F008794D1 /* AppDelegate.swift in Sources */,
			);
			runOnlyForDeploymentPostprocessing = 0;
		};
		E2DACE821C45B00F008794D1 /* Sources */ = {
			isa = PBXSourcesBuildPhase;
			buildActionMask = 2147483647;
			files = (
				E2DACE8B1C45B00F008794D1 /* HonoluluArtTests.swift in Sources */,
			);
			runOnlyForDeploymentPostprocessing = 0;
		};
/* End PBXSourcesBuildPhase section */

/* Begin PBXTargetDependency section */
		E2DACE881C45B00F008794D1 /* PBXTargetDependency */ = {
			isa = PBXTargetDependency;
			target = E2DACE711C45B00F008794D1 /* HonoluluArt */;
			targetProxy = E2DACE871C45B00F008794D1 /* PBXContainerItemProxy */;
		};
/* End PBXTargetDependency section */

/* Begin PBXVariantGroup section */
		E2DACE791C45B00F008794D1 /* Main.storyboard */ = {
			isa = PBXVariantGroup;
			children = (
				E2DACE7A1C45B00F008794D1 /* Base */,
			);
			name = Main.storyboard;
			sourceTree = "<group>";
		};
		E2DACE7E1C45B00F008794D1 /* LaunchScreen.storyboard */ = {
			isa = PBXVariantGroup;
			children = (
				E2DACE7F1C45B00F008794D1 /* Base */,
			);
			name = LaunchScreen.storyboard;
			sourceTree = "<group>";
		};
/* End PBXVariantGroup section */

/* Begin XCBuildConfiguration section */
		E2DACE8D1C45B00F008794D1 /* Debug */ = {
			isa = XCBuildConfiguration;
			buildSettings = {
				ALWAYS_SEARCH_USER_PATHS = NO;
				CLANG_CXX_LANGUAGE_STANDARD = "gnu++0x";
				CLANG_CXX_LIBRARY = "libc++";
				CLANG_ENABLE_MODULES = YES;
				CLANG_ENABLE_OBJC_ARC = YES;
				CLANG_WARN_BOOL_CONVERSION = YES;
				CLANG_WARN_CONSTANT_CONVERSION = YES;
				CLANG_WARN_DIRECT_OBJC_ISA_USAGE = YES_ERROR;
				CLANG_WARN_EMPTY_BODY = YES;
				CLANG_WARN_ENUM_CONVERSION = YES;
				CLANG_WARN_INT_CONVERSION = YES;
				CLANG_WARN_OBJC_ROOT_CLASS = YES_ERROR;
				CLANG_WARN_UNREACHABLE_CODE = YES;
				CLANG_WARN__DUPLICATE_METHOD_MATCH = YES;
				"CODE_SIGN_IDENTITY[sdk=iphoneos*]" = "iPhone Developer";
				COPY_PHASE_STRIP = NO;
				DEBUG_INFORMATION_FORMAT = dwarf;
				ENABLE_STRICT_OBJC_MSGSEND = YES;
				ENABLE_TESTABILITY = YES;
				GCC_C_LANGUAGE_STANDARD = gnu99;
				GCC_DYNAMIC_NO_PIC = NO;
				GCC_NO_COMMON_BLOCKS = YES;
				GCC_OPTIMIZATION_LEVEL = 0;
				GCC_PREPROCESSOR_DEFINITIONS = (
					"DEBUG=1",
					"$(inherited)",
				);
				GCC_WARN_64_TO_32_BIT_CONVERSION = YES;
				GCC_WARN_ABOUT_RETURN_TYPE = YES_ERROR;
				GCC_WARN_UNDECLARED_SELECTOR = YES;
				GCC_WARN_UNINITIALIZED_AUTOS = YES_AGGRESSIVE;
				GCC_WARN_UNUSED_FUNCTION = YES;
				GCC_WARN_UNUSED_VARIABLE = YES;
				IPHONEOS_DEPLOYMENT_TARGET = 9.2;
				MTL_ENABLE_DEBUG_INFO = YES;
				ONLY_ACTIVE_ARCH = YES;
				SDKROOT = iphoneos;
				SWIFT_OPTIMIZATION_LEVEL = "-Onone";
				TARGETED_DEVICE_FAMILY = "1,2";
			};
			name = Debug;
		};
		E2DACE8E1C45B00F008794D1 /* Release */ = {
			isa = XCBuildConfiguration;
			buildSettings = {
				ALWAYS_SEARCH_USER_PATHS = NO;
				CLANG_CXX_LANGUAGE_STANDARD = "gnu++0x";
				CLANG_CXX_LIBRARY = "libc++";
				CLANG_ENABLE_MODULES = YES;
				CLANG_ENABLE_OBJC_ARC = YES;
				CLANG_WARN_BOOL_CONVERSION = YES;
				CLANG_WARN_CONSTANT_CONVERSION = YES;
				CLANG_WARN_DIRECT_OBJC_ISA_USAGE = YES_ERROR;
				CLANG_WARN_EMPTY_BODY = YES;
				CLANG_WARN_ENUM_CONVERSION = YES;
				CLANG_WARN_INT_CONVERSION = YES;
				CLANG_WARN_OBJC_ROOT_CLASS = YES_ERROR;
				CLANG_WARN_UNREACHABLE_CODE = YES;
				CLANG_WARN__DUPLICATE_METHOD_MATCH = YES;
				"CODE_SIGN_IDENTITY[sdk=iphoneos*]" = "iPhone Developer";
				COPY_PHASE_STRIP = NO;
				DEBUG_INFORMATION_FORMAT = "dwarf-with-dsym";
				ENABLE_NS_ASSERTIONS = NO;
				ENABLE_STRICT_OBJC_MSGSEND = YES;
				GCC_C_LANGUAGE_STANDARD = gnu99;
				GCC_NO_COMMON_BLOCKS = YES;
				GCC_WARN_64_TO_32_BIT_CONVERSION = YES;
				GCC_WARN_ABOUT_RETURN_TYPE = YES_ERROR;
				GCC_WARN_UNDECLARED_SELECTOR = YES;
				GCC_WARN_UNINITIALIZED_AUTOS = YES_AGGRESSIVE;
				GCC_WARN_UNUSED_FUNCTION = YES;
				GCC_WARN_UNUSED_VARIABLE = YES;
				IPHONEOS_DEPLOYMENT_TARGET = 9.2;
				MTL_ENABLE_DEBUG_INFO = NO;
				SDKROOT = iphoneos;
				TARGETED_DEVICE_FAMILY = "1,2";
				VALIDATE_PRODUCT = YES;
			};
			name = Release;
		};
		E2DACE901C45B00F008794D1 /* Debug */ = {
			isa = XCBuildConfiguration;
			buildSettings = {
				ASSETCATALOG_COMPILER_APPICON_NAME = AppIcon;
				INFOPLIST_FILE = HonoluluArt/Info.plist;
				LD_RUNPATH_SEARCH_PATHS = "$(inherited) @executable_path/Frameworks";
				PRODUCT_BUNDLE_IDENTIFIER = com.example.HonoluluArt;
				PRODUCT_NAME = "$(TARGET_NAME)";
			};
			name = Debug;
		};
		E2DACE911C45B00F008794D1 /* Release */ = {
			isa = XCBuildConfiguration;
			buildSettings = {
				ASSETCATALOG_COMPILER_APPICON_NAME = AppIcon;
				INFOPLIST_FILE = HonoluluArt/Info.plist;
				LD_RUNPATH_SEARCH_PATHS = "$(inherited) @executable_path/Frameworks";
				PRODUCT_BUNDLE_IDENTIFIER = com.example.HonoluluArt;
				PRODUCT_NAME = "$(TARGET_NAME)";
			};
			name = Release;
		};
		E2DACE931C45B00F008794D1 /* Debug */ = {
			isa = XCBuildConfiguration;
			buildSettings = {
				BUNDLE_LOADER = "$(TEST_HOST)";
				INFOPLIST_FILE = HonoluluArtTests/Info.plist;
				LD_RUNPATH_SEARCH_PATHS = "$(inherited) @executable_path/Frameworks @loader_path/Frameworks";
				PRODUCT_BUNDLE_IDENTIFIER = com.example.HonoluluArtTests;
				PRODUCT_NAME = "$(TARGET_NAME)";
				TEST_HOST = "$(BUILT_PRODUCTS_DIR)/HonoluluArt.app/HonoluluArt";
			};
			name = Debug;
		};
		E2DACE941C45B00F008794D1 /* Release */ = {
			isa = XCBuildConfiguration;
			buildSettings = {
				BUNDLE_LOADER = "$(TEST_HOST)";
				INFOPLIST_FILE = HonoluluArtTests/Info.plist;
				LD_RUNPATH_SEARCH_PATHS = "$(inherited) @executable_path/Frameworks @loader_path/Frameworks";
				PRODUCT_BUNDLE_IDENTIFIER = com.example.HonoluluArtTests;
				PRODUCT_NAME = "$(TARGET_NAME)";
				TEST_HOST = "$(BUILT_PRODUCTS_DIR)/HonoluluArt.app/HonoluluArt";
			};
			name = Release;
		};
/* End XCBuildConfiguration section */

/* Begin XCConfigurationList section */
		E2DACE6D1C45B00F008794D1 /* Build configuration list for PBXProject "HonoluluArt" */ = {
			isa = XCConfigurationList;
			buildConfigurations = (
				E2DACE8D1C45B00F008794D1 /* Debug */,
				E2DACE8E1C45B00F008794D1 /* Release */,
			);
			defaultConfigurationIsVisible = 0;
			defaultConfigurationName = Release;
		};
		E2DACE8F1C45B00F008794D1 /* Build configuration list for PBXNativeTarget "HonoluluArt" */ = {
			isa = XCConfigurationList;
			buildConfigurations = (
				E2DACE901C45B00F008794D1 /* Debug */,
				E2DACE911C45B00F008794D1 /* Release */,
			);
			defaultConfigurationIsVisible = 0;
			defaultConfigurationName = Release;
		};
		E2DACE921C45B00F008794D1 /* Build configuration list for PBXNativeTarget "HonoluluArtTests" */ = {
			isa = XCConfigurationList;
			buildConfigurations = (
				E2DACE931C45B00F008794D1 /* Debug */,
				E2DACE941C45B00F008794D1 /* Release */,
			);
			defaultConfigurationIsVisible = 0;
			defaultConfigurationName = Release;
		};
/* End XCConfigurationList section */
	};
	rootObject = E2DACE6A1C45B00F008794D1 /* Project object */;
}
